// !$*UTF8*$!
{
	archiveVersion = 1;
	classes = {
	};
	objectVersion = 46;
	objects = {

/* Begin PBXBuildFile section */
		4C085E991B3825C900DC22F0 /* NotesDatasource.m in Sources */ = {isa = PBXBuildFile; fileRef = 4C085E981B3825C900DC22F0 /* NotesDatasource.m */; };
		4C085E9D1B3880A900DC22F0 /* ViewNoteCell.m in Sources */ = {isa = PBXBuildFile; fileRef = 4C085E9C1B3880A900DC22F0 /* ViewNoteCell.m */; };
		4C9F64E81B37EE2F00FD93B0 /* main.m in Sources */ = {isa = PBXBuildFile; fileRef = 4C9F64E71B37EE2F00FD93B0 /* main.m */; };
		4C9F64EB1B37EE2F00FD93B0 /* AppDelegate.m in Sources */ = {isa = PBXBuildFile; fileRef = 4C9F64EA1B37EE2F00FD93B0 /* AppDelegate.m */; };
		4C9F64EE1B37EE2F00FD93B0 /* NotesViewController.m in Sources */ = {isa = PBXBuildFile; fileRef = 4C9F64ED1B37EE2F00FD93B0 /* NotesViewController.m */; };
		4C9F64F11B37EE2F00FD93B0 /* Main.storyboard in Resources */ = {isa = PBXBuildFile; fileRef = 4C9F64EF1B37EE2F00FD93B0 /* Main.storyboard */; };
		4C9F64F61B37EE2F00FD93B0 /* LaunchScreen.xib in Resources */ = {isa = PBXBuildFile; fileRef = 4C9F64F41B37EE2F00FD93B0 /* LaunchScreen.xib */; };
		4C9F65021B37EE2F00FD93B0 /* Note_itTests.m in Sources */ = {isa = PBXBuildFile; fileRef = 4C9F65011B37EE2F00FD93B0 /* Note_itTests.m */; };
		4CD280901B3966CD00864A97 /* minus-sign.png in Resources */ = {isa = PBXBuildFile; fileRef = 4CD2808E1B3966CD00864A97 /* minus-sign.png */; };
		4CD280911B3966CD00864A97 /* plus-sign.png in Resources */ = {isa = PBXBuildFile; fileRef = 4CD2808F1B3966CD00864A97 /* plus-sign.png */; };
		4CD280931B39795900864A97 /* Images.xcassets in Resources */ = {isa = PBXBuildFile; fileRef = 4CD280921B39795900864A97 /* Images.xcassets */; };
/* End PBXBuildFile section */

/* Begin PBXContainerItemProxy section */
		4C9F64FC1B37EE2F00FD93B0 /* PBXContainerItemProxy */ = {
			isa = PBXContainerItemProxy;
			containerPortal = 4C9F64DA1B37EE2F00FD93B0 /* Project object */;
			proxyType = 1;
			remoteGlobalIDString = 4C9F64E11B37EE2F00FD93B0;
			remoteInfo = "Note-it";
		};
/* End PBXContainerItemProxy section */

/* Begin PBXFileReference section */
		4C085E971B3825C900DC22F0 /* NotesDatasource.h */ = {isa = PBXFileReference; fileEncoding = 4; lastKnownFileType = sourcecode.c.h; path = NotesDatasource.h; sourceTree = "<group>"; };
		4C085E981B3825C900DC22F0 /* NotesDatasource.m */ = {isa = PBXFileReference; fileEncoding = 4; lastKnownFileType = sourcecode.c.objc; path = NotesDatasource.m; sourceTree = "<group>"; };
		4C085E9B1B3880A900DC22F0 /* ViewNoteCell.h */ = {isa = PBXFileReference; fileEncoding = 4; lastKnownFileType = sourcecode.c.h; path = ViewNoteCell.h; sourceTree = "<group>"; };
		4C085E9C1B3880A900DC22F0 /* ViewNoteCell.m */ = {isa = PBXFileReference; fileEncoding = 4; lastKnownFileType = sourcecode.c.objc; path = ViewNoteCell.m; sourceTree = "<group>"; };
		4C9F64E21B37EE2F00FD93B0 /* Note-it.app */ = {isa = PBXFileReference; explicitFileType = wrapper.application; includeInIndex = 0; path = "Note-it.app"; sourceTree = BUILT_PRODUCTS_DIR; };
		4C9F64E61B37EE2F00FD93B0 /* Info.plist */ = {isa = PBXFileReference; lastKnownFileType = text.plist.xml; path = Info.plist; sourceTree = "<group>"; };
		4C9F64E71B37EE2F00FD93B0 /* main.m */ = {isa = PBXFileReference; lastKnownFileType = sourcecode.c.objc; path = main.m; sourceTree = "<group>"; };
		4C9F64E91B37EE2F00FD93B0 /* AppDelegate.h */ = {isa = PBXFileReference; lastKnownFileType = sourcecode.c.h; path = AppDelegate.h; sourceTree = "<group>"; };
		4C9F64EA1B37EE2F00FD93B0 /* AppDelegate.m */ = {isa = PBXFileReference; lastKnownFileType = sourcecode.c.objc; path = AppDelegate.m; sourceTree = "<group>"; };
		4C9F64EC1B37EE2F00FD93B0 /* NotesViewController.h */ = {isa = PBXFileReference; lastKnownFileType = sourcecode.c.h; path = NotesViewController.h; sourceTree = "<group>"; };
		4C9F64ED1B37EE2F00FD93B0 /* NotesViewController.m */ = {isa = PBXFileReference; lastKnownFileType = sourcecode.c.objc; path = NotesViewController.m; sourceTree = "<group>"; };
		4C9F64F01B37EE2F00FD93B0 /* Base */ = {isa = PBXFileReference; lastKnownFileType = file.storyboard; name = Base; path = Base.lproj/Main.storyboard; sourceTree = "<group>"; };
		4C9F64F51B37EE2F00FD93B0 /* Base */ = {isa = PBXFileReference; lastKnownFileType = file.xib; name = Base; path = Base.lproj/LaunchScreen.xib; sourceTree = "<group>"; };
		4C9F64FB1B37EE2F00FD93B0 /* Note-itTests.xctest */ = {isa = PBXFileReference; explicitFileType = wrapper.cfbundle; includeInIndex = 0; path = "Note-itTests.xctest"; sourceTree = BUILT_PRODUCTS_DIR; };
		4C9F65001B37EE2F00FD93B0 /* Info.plist */ = {isa = PBXFileReference; lastKnownFileType = text.plist.xml; path = Info.plist; sourceTree = "<group>"; };
		4C9F65011B37EE2F00FD93B0 /* Note_itTests.m */ = {isa = PBXFileReference; lastKnownFileType = sourcecode.c.objc; path = Note_itTests.m; sourceTree = "<group>"; };
		4CD2808D1B3958FD00864A97 /* NotesCellDelegate.h */ = {isa = PBXFileReference; fileEncoding = 4; lastKnownFileType = sourcecode.c.h; path = NotesCellDelegate.h; sourceTree = "<group>"; };
		4CD2808E1B3966CD00864A97 /* minus-sign.png */ = {isa = PBXFileReference; lastKnownFileType = image.png; name = "minus-sign.png"; path = "../../../../../Downloads/minus-sign.png"; sourceTree = "<group>"; };
		4CD2808F1B3966CD00864A97 /* plus-sign.png */ = {isa = PBXFileReference; lastKnownFileType = image.png; name = "plus-sign.png"; path = "../../../../../Downloads/plus-sign.png"; sourceTree = "<group>"; };
		4CD280921B39795900864A97 /* Images.xcassets */ = {isa = PBXFileReference; lastKnownFileType = folder.assetcatalog; name = Images.xcassets; path = "Note-it/Images.xcassets"; sourceTree = "<group>"; };
/* End PBXFileReference section */

/* Begin PBXFrameworksBuildPhase section */
		4C9F64DF1B37EE2F00FD93B0 /* Frameworks */ = {
			isa = PBXFrameworksBuildPhase;
			buildActionMask = 2147483647;
			files = (
			);
			runOnlyForDeploymentPostprocessing = 0;
		};
		4C9F64F81B37EE2F00FD93B0 /* Frameworks */ = {
			isa = PBXFrameworksBuildPhase;
			buildActionMask = 2147483647;
			files = (
			);
			runOnlyForDeploymentPostprocessing = 0;
		};
/* End PBXFrameworksBuildPhase section */

/* Begin PBXGroup section */
		4C085E931B381F3700DC22F0 /* controller */ = {
			isa = PBXGroup;
			children = (
				4C9F64EC1B37EE2F00FD93B0 /* NotesViewController.h */,
				4C9F64ED1B37EE2F00FD93B0 /* NotesViewController.m */,
				4C085E971B3825C900DC22F0 /* NotesDatasource.h */,
				4C085E981B3825C900DC22F0 /* NotesDatasource.m */,
			);
			name = controller;
			sourceTree = "<group>";
		};
		4C085E951B381F9D00DC22F0 /* view */ = {
			isa = PBXGroup;
			children = (
				4C085E9A1B38809000DC22F0 /* viewModel */,
				4C9F64EF1B37EE2F00FD93B0 /* Main.storyboard */,
				4C9F64F41B37EE2F00FD93B0 /* LaunchScreen.xib */,
			);
			name = view;
			sourceTree = "<group>";
		};
		4C085E961B381FB400DC22F0 /* app_delegate */ = {
			isa = PBXGroup;
			children = (
				4C9F64E91B37EE2F00FD93B0 /* AppDelegate.h */,
				4C9F64EA1B37EE2F00FD93B0 /* AppDelegate.m */,
			);
			name = app_delegate;
			sourceTree = "<group>";
		};
		4C085E9A1B38809000DC22F0 /* viewModel */ = {
			isa = PBXGroup;
			children = (
				4C085E9B1B3880A900DC22F0 /* ViewNoteCell.h */,
				4C085E9C1B3880A900DC22F0 /* ViewNoteCell.m */,
			);
			name = viewModel;
			sourceTree = "<group>";
		};
		4C9F64D91B37EE2F00FD93B0 = {
			isa = PBXGroup;
			children = (
				4C9F64E41B37EE2F00FD93B0 /* Note-it */,
				4C9F64FE1B37EE2F00FD93B0 /* Note-itTests */,
				4C9F64E31B37EE2F00FD93B0 /* Products */,
			);
			sourceTree = "<group>";
		};
		4C9F64E31B37EE2F00FD93B0 /* Products */ = {
			isa = PBXGroup;
			children = (
				4C9F64E21B37EE2F00FD93B0 /* Note-it.app */,
				4C9F64FB1B37EE2F00FD93B0 /* Note-itTests.xctest */,
			);
			name = Products;
			sourceTree = "<group>";
		};
		4C9F64E41B37EE2F00FD93B0 /* Note-it */ = {
			isa = PBXGroup;
			children = (
				4C085E961B381FB400DC22F0 /* app_delegate */,
				4C085E931B381F3700DC22F0 /* controller */,
				4C085E951B381F9D00DC22F0 /* view */,
				4CD280951B3979DA00864A97 /* delegates */,
				4CD280941B39796B00864A97 /* assets */,
				4C9F64E51B37EE2F00FD93B0 /* Supporting Files */,
			);
			path = "Note-it";
			sourceTree = "<group>";
		};
		4C9F64E51B37EE2F00FD93B0 /* Supporting Files */ = {
			isa = PBXGroup;
			children = (
				4C9F64E61B37EE2F00FD93B0 /* Info.plist */,
				4C9F64E71B37EE2F00FD93B0 /* main.m */,
			);
			name = "Supporting Files";
			sourceTree = "<group>";
		};
		4C9F64FE1B37EE2F00FD93B0 /* Note-itTests */ = {
			isa = PBXGroup;
			children = (
				4C9F65011B37EE2F00FD93B0 /* Note_itTests.m */,
				4C9F64FF1B37EE2F00FD93B0 /* Supporting Files */,
			);
			path = "Note-itTests";
			sourceTree = "<group>";
		};
		4C9F64FF1B37EE2F00FD93B0 /* Supporting Files */ = {
			isa = PBXGroup;
			children = (
				4C9F65001B37EE2F00FD93B0 /* Info.plist */,
			);
			name = "Supporting Files";
			sourceTree = "<group>";
		};
		4CD280941B39796B00864A97 /* assets */ = {
			isa = PBXGroup;
			children = (
				4CD2808E1B3966CD00864A97 /* minus-sign.png */,
				4CD2808F1B3966CD00864A97 /* plus-sign.png */,
				4CD280921B39795900864A97 /* Images.xcassets */,
			);
			name = assets;
			path = ..;
			sourceTree = "<group>";
		};
		4CD280951B3979DA00864A97 /* delegates */ = {
			isa = PBXGroup;
			children = (
				4CD2808D1B3958FD00864A97 /* NotesCellDelegate.h */,
			);
			name = delegates;
			sourceTree = "<group>";
		};
/* End PBXGroup section */

/* Begin PBXNativeTarget section */
		4C9F64E11B37EE2F00FD93B0 /* Note-it */ = {
			isa = PBXNativeTarget;
			buildConfigurationList = 4C9F65051B37EE2F00FD93B0 /* Build configuration list for PBXNativeTarget "Note-it" */;
			buildPhases = (
				4C9F64DE1B37EE2F00FD93B0 /* Sources */,
				4C9F64DF1B37EE2F00FD93B0 /* Frameworks */,
				4C9F64E01B37EE2F00FD93B0 /* Resources */,
			);
			buildRules = (
			);
			dependencies = (
			);
			name = "Note-it";
			productName = "Note-it";
			productReference = 4C9F64E21B37EE2F00FD93B0 /* Note-it.app */;
			productType = "com.apple.product-type.application";
		};
		4C9F64FA1B37EE2F00FD93B0 /* Note-itTests */ = {
			isa = PBXNativeTarget;
			buildConfigurationList = 4C9F65081B37EE2F00FD93B0 /* Build configuration list for PBXNativeTarget "Note-itTests" */;
			buildPhases = (
				4C9F64F71B37EE2F00FD93B0 /* Sources */,
				4C9F64F81B37EE2F00FD93B0 /* Frameworks */,
				4C9F64F91B37EE2F00FD93B0 /* Resources */,
			);
			buildRules = (
			);
			dependencies = (
				4C9F64FD1B37EE2F00FD93B0 /* PBXTargetDependency */,
			);
			name = "Note-itTests";
			productName = "Note-itTests";
			productReference = 4C9F64FB1B37EE2F00FD93B0 /* Note-itTests.xctest */;
			productType = "com.apple.product-type.bundle.unit-test";
		};
/* End PBXNativeTarget section */

/* Begin PBXProject section */
		4C9F64DA1B37EE2F00FD93B0 /* Project object */ = {
			isa = PBXProject;
			attributes = {
				LastUpgradeCheck = 0630;
				ORGANIZATIONNAME = Prad;
				TargetAttributes = {
					4C9F64E11B37EE2F00FD93B0 = {
						CreatedOnToolsVersion = 6.3.1;
					};
					4C9F64FA1B37EE2F00FD93B0 = {
						CreatedOnToolsVersion = 6.3.1;
						TestTargetID = 4C9F64E11B37EE2F00FD93B0;
					};
				};
			};
			buildConfigurationList = 4C9F64DD1B37EE2F00FD93B0 /* Build configuration list for PBXProject "Note-it" */;
			compatibilityVersion = "Xcode 3.2";
			developmentRegion = English;
			hasScannedForEncodings = 0;
			knownRegions = (
				en,
				Base,
			);
			mainGroup = 4C9F64D91B37EE2F00FD93B0;
			productRefGroup = 4C9F64E31B37EE2F00FD93B0 /* Products */;
			projectDirPath = "";
			projectRoot = "";
			targets = (
				4C9F64E11B37EE2F00FD93B0 /* Note-it */,
				4C9F64FA1B37EE2F00FD93B0 /* Note-itTests */,
			);
		};
/* End PBXProject section */

/* Begin PBXResourcesBuildPhase section */
		4C9F64E01B37EE2F00FD93B0 /* Resources */ = {
			isa = PBXResourcesBuildPhase;
			buildActionMask = 2147483647;
			files = (
				4C9F64F11B37EE2F00FD93B0 /* Main.storyboard in Resources */,
				4CD280931B39795900864A97 /* Images.xcassets in Resources */,
				4C9F64F61B37EE2F00FD93B0 /* LaunchScreen.xib in Resources */,
				4CD280901B3966CD00864A97 /* minus-sign.png in Resources */,
				4CD280911B3966CD00864A97 /* plus-sign.png in Resources */,
			);
			runOnlyForDeploymentPostprocessing = 0;
		};
		4C9F64F91B37EE2F00FD93B0 /* Resources */ = {
			isa = PBXResourcesBuildPhase;
			buildActionMask = 2147483647;
			files = (
			);
			runOnlyForDeploymentPostprocessing = 0;
		};
/* End PBXResourcesBuildPhase section */

/* Begin PBXSourcesBuildPhase section */
		4C9F64DE1B37EE2F00FD93B0 /* Sources */ = {
			isa = PBXSourcesBuildPhase;
			buildActionMask = 2147483647;
			files = (
				4C085E9D1B3880A900DC22F0 /* ViewNoteCell.m in Sources */,
				4C085E991B3825C900DC22F0 /* NotesDatasource.m in Sources */,
				4C9F64EE1B37EE2F00FD93B0 /* NotesViewController.m in Sources */,
				4C9F64EB1B37EE2F00FD93B0 /* AppDelegate.m in Sources */,
				4C9F64E81B37EE2F00FD93B0 /* main.m in Sources */,
			);
			runOnlyForDeploymentPostprocessing = 0;
		};
		4C9F64F71B37EE2F00FD93B0 /* Sources */ = {
			isa = PBXSourcesBuildPhase;
			buildActionMask = 2147483647;
			files = (
				4C9F65021B37EE2F00FD93B0 /* Note_itTests.m in Sources */,
			);
			runOnlyForDeploymentPostprocessing = 0;
		};
/* End PBXSourcesBuildPhase section */

/* Begin PBXTargetDependency section */
		4C9F64FD1B37EE2F00FD93B0 /* PBXTargetDependency */ = {
			isa = PBXTargetDependency;
			target = 4C9F64E11B37EE2F00FD93B0 /* Note-it */;
			targetProxy = 4C9F64FC1B37EE2F00FD93B0 /* PBXContainerItemProxy */;
		};
/* End PBXTargetDependency section */

/* Begin PBXVariantGroup section */
		4C9F64EF1B37EE2F00FD93B0 /* Main.storyboard */ = {
			isa = PBXVariantGroup;
			children = (
				4C9F64F01B37EE2F00FD93B0 /* Base */,
			);
			name = Main.storyboard;
			sourceTree = "<group>";
		};
		4C9F64F41B37EE2F00FD93B0 /* LaunchScreen.xib */ = {
			isa = PBXVariantGroup;
			children = (
				4C9F64F51B37EE2F00FD93B0 /* Base */,
			);
			name = LaunchScreen.xib;
			sourceTree = "<group>";
		};
/* End PBXVariantGroup section */

/* Begin XCBuildConfiguration section */
		4C9F65031B37EE2F00FD93B0 /* Debug */ = {
			isa = XCBuildConfiguration;
			buildSettings = {
				ALWAYS_SEARCH_USER_PATHS = NO;
				CLANG_CXX_LANGUAGE_STANDARD = "gnu++0x";
				CLANG_CXX_LIBRARY = "libc++";
				CLANG_ENABLE_MODULES = YES;
				CLANG_ENABLE_OBJC_ARC = YES;
				CLANG_WARN_BOOL_CONVERSION = YES;
				CLANG_WARN_CONSTANT_CONVERSION = YES;
				CLANG_WARN_DIRECT_OBJC_ISA_USAGE = YES_ERROR;
				CLANG_WARN_EMPTY_BODY = YES;
				CLANG_WARN_ENUM_CONVERSION = YES;
				CLANG_WARN_INT_CONVERSION = YES;
				CLANG_WARN_OBJC_ROOT_CLASS = YES_ERROR;
				CLANG_WARN_UNREACHABLE_CODE = YES;
				CLANG_WARN__DUPLICATE_METHOD_MATCH = YES;
				"CODE_SIGN_IDENTITY[sdk=iphoneos*]" = "iPhone Developer";
				COPY_PHASE_STRIP = NO;
				DEBUG_INFORMATION_FORMAT = "dwarf-with-dsym";
				ENABLE_STRICT_OBJC_MSGSEND = YES;
				GCC_C_LANGUAGE_STANDARD = gnu99;
				GCC_DYNAMIC_NO_PIC = NO;
				GCC_NO_COMMON_BLOCKS = YES;
				GCC_OPTIMIZATION_LEVEL = 0;
				GCC_PREPROCESSOR_DEFINITIONS = (
					"DEBUG=1",
					"$(inherited)",
				);
				GCC_SYMBOLS_PRIVATE_EXTERN = NO;
				GCC_WARN_64_TO_32_BIT_CONVERSION = YES;
				GCC_WARN_ABOUT_RETURN_TYPE = YES_ERROR;
				GCC_WARN_UNDECLARED_SELECTOR = YES;
				GCC_WARN_UNINITIALIZED_AUTOS = YES_AGGRESSIVE;
				GCC_WARN_UNUSED_FUNCTION = YES;
				GCC_WARN_UNUSED_VARIABLE = YES;
				IPHONEOS_DEPLOYMENT_TARGET = 8.3;
				MTL_ENABLE_DEBUG_INFO = YES;
				ONLY_ACTIVE_ARCH = YES;
				SDKROOT = iphoneos;
			};
			name = Debug;
		};
		4C9F65041B37EE2F00FD93B0 /* Release */ = {
			isa = XCBuildConfiguration;
			buildSettings = {
				ALWAYS_SEARCH_USER_PATHS = NO;
				CLANG_CXX_LANGUAGE_STANDARD = "gnu++0x";
				CLANG_CXX_LIBRARY = "libc++";
				CLANG_ENABLE_MODULES = YES;
				CLANG_ENABLE_OBJC_ARC = YES;
				CLANG_WARN_BOOL_CONVERSION = YES;
				CLANG_WARN_CONSTANT_CONVERSION = YES;
				CLANG_WARN_DIRECT_OBJC_ISA_USAGE = YES_ERROR;
				CLANG_WARN_EMPTY_BODY = YES;
				CLANG_WARN_ENUM_CONVERSION = YES;
				CLANG_WARN_INT_CONVERSION = YES;
				CLANG_WARN_OBJC_ROOT_CLASS = YES_ERROR;
				CLANG_WARN_UNREACHABLE_CODE = YES;
				CLANG_WARN__DUPLICATE_METHOD_MATCH = YES;
				"CODE_SIGN_IDENTITY[sdk=iphoneos*]" = "iPhone Developer";
				COPY_PHASE_STRIP = NO;
				DEBUG_INFORMATION_FORMAT = "dwarf-with-dsym";
				ENABLE_NS_ASSERTIONS = NO;
				ENABLE_STRICT_OBJC_MSGSEND = YES;
				GCC_C_LANGUAGE_STANDARD = gnu99;
				GCC_NO_COMMON_BLOCKS = YES;
				GCC_WARN_64_TO_32_BIT_CONVERSION = YES;
				GCC_WARN_ABOUT_RETURN_TYPE = YES_ERROR;
				GCC_WARN_UNDECLARED_SELECTOR = YES;
				GCC_WARN_UNINITIALIZED_AUTOS = YES_AGGRESSIVE;
				GCC_WARN_UNUSED_FUNCTION = YES;
				GCC_WARN_UNUSED_VARIABLE = YES;
				IPHONEOS_DEPLOYMENT_TARGET = 8.3;
				MTL_ENABLE_DEBUG_INFO = NO;
				SDKROOT = iphoneos;
				VALIDATE_PRODUCT = YES;
			};
			name = Release;
		};
		4C9F65061B37EE2F00FD93B0 /* Debug */ = {
			isa = XCBuildConfiguration;
			buildSettings = {
				ASSETCATALOG_COMPILER_APPICON_NAME = AppIcon;
				INFOPLIST_FILE = "Note-it/Info.plist";
				LD_RUNPATH_SEARCH_PATHS = "$(inherited) @executable_path/Frameworks";
				PRODUCT_NAME = "$(TARGET_NAME)";
			};
			name = Debug;
		};
		4C9F65071B37EE2F00FD93B0 /* Release */ = {
			isa = XCBuildConfiguration;
			buildSettings = {
				ASSETCATALOG_COMPILER_APPICON_NAME = AppIcon;
				INFOPLIST_FILE = "Note-it/Info.plist";
				LD_RUNPATH_SEARCH_PATHS = "$(inherited) @executable_path/Frameworks";
				PRODUCT_NAME = "$(TARGET_NAME)";
			};
			name = Release;
		};
		4C9F65091B37EE2F00FD93B0 /* Debug */ = {
			isa = XCBuildConfiguration;
			buildSettings = {
				BUNDLE_LOADER = "$(TEST_HOST)";
				FRAMEWORK_SEARCH_PATHS = (
					"$(SDKROOT)/Developer/Library/Frameworks",
					"$(inherited)",
				);
				GCC_PREPROCESSOR_DEFINITIONS = (
					"DEBUG=1",
					"$(inherited)",
				);
				INFOPLIST_FILE = "Note-itTests/Info.plist";
				LD_RUNPATH_SEARCH_PATHS = "$(inherited) @executable_path/Frameworks @loader_path/Frameworks";
				PRODUCT_NAME = "$(TARGET_NAME)";
				TEST_HOST = "$(BUILT_PRODUCTS_DIR)/Note-it.app/Note-it";
			};
			name = Debug;
		};
		4C9F650A1B37EE2F00FD93B0 /* Release */ = {
			isa = XCBuildConfiguration;
			buildSettings = {
				BUNDLE_LOADER = "$(TEST_HOST)";
				FRAMEWORK_SEARCH_PATHS = (
					"$(SDKROOT)/Developer/Library/Frameworks",
					"$(inherited)",
				);
				INFOPLIST_FILE = "Note-itTests/Info.plist";
				LD_RUNPATH_SEARCH_PATHS = "$(inherited) @executable_path/Frameworks @loader_path/Frameworks";
				PRODUCT_NAME = "$(TARGET_NAME)";
				TEST_HOST = "$(BUILT_PRODUCTS_DIR)/Note-it.app/Note-it";
			};
			name = Release;
		};
/* End XCBuildConfiguration section */

/* Begin XCConfigurationList section */
		4C9F64DD1B37EE2F00FD93B0 /* Build configuration list for PBXProject "Note-it" */ = {
			isa = XCConfigurationList;
			buildConfigurations = (
				4C9F65031B37EE2F00FD93B0 /* Debug */,
				4C9F65041B37EE2F00FD93B0 /* Release */,
			);
			defaultConfigurationIsVisible = 0;
			defaultConfigurationName = Release;
		};
		4C9F65051B37EE2F00FD93B0 /* Build configuration list for PBXNativeTarget "Note-it" */ = {
			isa = XCConfigurationList;
			buildConfigurations = (
				4C9F65061B37EE2F00FD93B0 /* Debug */,
				4C9F65071B37EE2F00FD93B0 /* Release */,
			);
			defaultConfigurationIsVisible = 0;
			defaultConfigurationName = Release;
		};
		4C9F65081B37EE2F00FD93B0 /* Build configuration list for PBXNativeTarget "Note-itTests" */ = {
			isa = XCConfigurationList;
			buildConfigurations = (
				4C9F65091B37EE2F00FD93B0 /* Debug */,
				4C9F650A1B37EE2F00FD93B0 /* Release */,
			);
			defaultConfigurationIsVisible = 0;
			defaultConfigurationName = Release;
		};
/* End XCConfigurationList section */
	};
	rootObject = 4C9F64DA1B37EE2F00FD93B0 /* Project object */;
}
